
Microsoft Visual Studio Solution File, Format Version 12.00
# Visual Studio Version 17
VisualStudioVersion = 17.14.36518.9 d17.14
MinimumVisualStudioVersion = 10.0.40219.1
Project("{FAE04EC0-301F-11D3-BF4B-00C04F79EFBC}") = "ST10109685Prog7312POE", "ST10109685Prog7312POE\ST10109685Prog7312POE.csproj", "{839D06DB-C2CA-4CED-AE7B-BD0AF4216D0E}"
EndProject
Global
	GlobalSection(SolutionConfigurationPlatforms) = preSolution
		Debug|Any CPU = Debug|Any CPU
		Release|Any CPU = Release|Any CPU
	EndGlobalSection
	GlobalSection(ProjectConfigurationPlatforms) = postSolution
		{839D06DB-C2CA-4CED-AE7B-BD0AF4216D0E}.Debug|Any CPU.ActiveCfg = Debug|Any CPU
		{839D06DB-C2CA-4CED-AE7B-BD0AF4216D0E}.Debug|Any CPU.Build.0 = Debug|Any CPU
		{839D06DB-C2CA-4CED-AE7B-BD0AF4216D0E}.Release|Any CPU.ActiveCfg = Release|Any CPU
		{839D06DB-C2CA-4CED-AE7B-BD0AF4216D0E}.Release|Any CPU.Build.0 = Release|Any CPU
	EndGlobalSection
	GlobalSection(SolutionProperties) = preSolution
		HideSolutionNode = FALSE
	EndGlobalSection
	GlobalSection(ExtensibilityGlobals) = postSolution
		SolutionGuid = {FEE9FDE0-16AD-43E3-8F19-FB40D54BD3DC}
	EndGlobalSection
EndGlobal
